// !$*UTF8*$!
{
	archiveVersion = 1;
	classes = {
	};
	objectVersion = 55;
	objects = {

/* Begin PBXBuildFile section */
		C618358D27A1CE2B00D3D98C /* AppDelegate.swift in Sources */ = {isa = PBXBuildFile; fileRef = C618358C27A1CE2B00D3D98C /* AppDelegate.swift */; };
		C618358F27A1CE2B00D3D98C /* SceneDelegate.swift in Sources */ = {isa = PBXBuildFile; fileRef = C618358E27A1CE2B00D3D98C /* SceneDelegate.swift */; };
		C618359127A1CE2B00D3D98C /* ViewController.swift in Sources */ = {isa = PBXBuildFile; fileRef = C618359027A1CE2B00D3D98C /* ViewController.swift */; };
		C618359427A1CE2B00D3D98C /* Main.storyboard in Resources */ = {isa = PBXBuildFile; fileRef = C618359227A1CE2B00D3D98C /* Main.storyboard */; };
		C618359627A1CE2C00D3D98C /* Assets.xcassets in Resources */ = {isa = PBXBuildFile; fileRef = C618359527A1CE2C00D3D98C /* Assets.xcassets */; };
		C618359927A1CE2C00D3D98C /* LaunchScreen.storyboard in Resources */ = {isa = PBXBuildFile; fileRef = C618359727A1CE2C00D3D98C /* LaunchScreen.storyboard */; };
		C61835A427A1CE2D00D3D98C /* ReflectiveCardTests.swift in Sources */ = {isa = PBXBuildFile; fileRef = C61835A327A1CE2D00D3D98C /* ReflectiveCardTests.swift */; };
		C61835AE27A1CE2D00D3D98C /* ReflectiveCardUITests.swift in Sources */ = {isa = PBXBuildFile; fileRef = C61835AD27A1CE2D00D3D98C /* ReflectiveCardUITests.swift */; };
		C61835B027A1CE2D00D3D98C /* ReflectiveCardUITestsLaunchTests.swift in Sources */ = {isa = PBXBuildFile; fileRef = C61835AF27A1CE2D00D3D98C /* ReflectiveCardUITestsLaunchTests.swift */; };
/* End PBXBuildFile section */

/* Begin PBXContainerItemProxy section */
		C61835A027A1CE2D00D3D98C /* PBXContainerItemProxy */ = {
			isa = PBXContainerItemProxy;
			containerPortal = C618358127A1CE2B00D3D98C /* Project object */;
			proxyType = 1;
			remoteGlobalIDString = C618358827A1CE2B00D3D98C;
			remoteInfo = ReflectiveCard;
		};
		C61835AA27A1CE2D00D3D98C /* PBXContainerItemProxy */ = {
			isa = PBXContainerItemProxy;
			containerPortal = C618358127A1CE2B00D3D98C /* Project object */;
			proxyType = 1;
			remoteGlobalIDString = C618358827A1CE2B00D3D98C;
			remoteInfo = ReflectiveCard;
		};
/* End PBXContainerItemProxy section */

/* Begin PBXFileReference section */
		C618358927A1CE2B00D3D98C /* ReflectiveCard.app */ = {isa = PBXFileReference; explicitFileType = wrapper.application; includeInIndex = 0; path = ReflectiveCard.app; sourceTree = BUILT_PRODUCTS_DIR; };
		C618358C27A1CE2B00D3D98C /* AppDelegate.swift */ = {isa = PBXFileReference; lastKnownFileType = sourcecode.swift; path = AppDelegate.swift; sourceTree = "<group>"; };
		C618358E27A1CE2B00D3D98C /* SceneDelegate.swift */ = {isa = PBXFileReference; lastKnownFileType = sourcecode.swift; path = SceneDelegate.swift; sourceTree = "<group>"; };
		C618359027A1CE2B00D3D98C /* ViewController.swift */ = {isa = PBXFileReference; lastKnownFileType = sourcecode.swift; path = ViewController.swift; sourceTree = "<group>"; };
		C618359327A1CE2B00D3D98C /* Base */ = {isa = PBXFileReference; lastKnownFileType = file.storyboard; name = Base; path = Base.lproj/Main.storyboard; sourceTree = "<group>"; };
		C618359527A1CE2C00D3D98C /* Assets.xcassets */ = {isa = PBXFileReference; lastKnownFileType = folder.assetcatalog; path = Assets.xcassets; sourceTree = "<group>"; };
		C618359827A1CE2C00D3D98C /* Base */ = {isa = PBXFileReference; lastKnownFileType = file.storyboard; name = Base; path = Base.lproj/LaunchScreen.storyboard; sourceTree = "<group>"; };
		C618359A27A1CE2C00D3D98C /* Info.plist */ = {isa = PBXFileReference; lastKnownFileType = text.plist.xml; path = Info.plist; sourceTree = "<group>"; };
		C618359F27A1CE2D00D3D98C /* ReflectiveCardTests.xctest */ = {isa = PBXFileReference; explicitFileType = wrapper.cfbundle; includeInIndex = 0; path = ReflectiveCardTests.xctest; sourceTree = BUILT_PRODUCTS_DIR; };
		C61835A327A1CE2D00D3D98C /* ReflectiveCardTests.swift */ = {isa = PBXFileReference; lastKnownFileType = sourcecode.swift; path = ReflectiveCardTests.swift; sourceTree = "<group>"; };
		C61835A927A1CE2D00D3D98C /* ReflectiveCardUITests.xctest */ = {isa = PBXFileReference; explicitFileType = wrapper.cfbundle; includeInIndex = 0; path = ReflectiveCardUITests.xctest; sourceTree = BUILT_PRODUCTS_DIR; };
		C61835AD27A1CE2D00D3D98C /* ReflectiveCardUITests.swift */ = {isa = PBXFileReference; lastKnownFileType = sourcecode.swift; path = ReflectiveCardUITests.swift; sourceTree = "<group>"; };
		C61835AF27A1CE2D00D3D98C /* ReflectiveCardUITestsLaunchTests.swift */ = {isa = PBXFileReference; lastKnownFileType = sourcecode.swift; path = ReflectiveCardUITestsLaunchTests.swift; sourceTree = "<group>"; };
/* End PBXFileReference section */

/* Begin PBXFrameworksBuildPhase section */
		C618358627A1CE2B00D3D98C /* Frameworks */ = {
			isa = PBXFrameworksBuildPhase;
			buildActionMask = 2147483647;
			files = (
			);
			runOnlyForDeploymentPostprocessing = 0;
		};
		C618359C27A1CE2D00D3D98C /* Frameworks */ = {
			isa = PBXFrameworksBuildPhase;
			buildActionMask = 2147483647;
			files = (
			);
			runOnlyForDeploymentPostprocessing = 0;
		};
		C61835A627A1CE2D00D3D98C /* Frameworks */ = {
			isa = PBXFrameworksBuildPhase;
			buildActionMask = 2147483647;
			files = (
			);
			runOnlyForDeploymentPostprocessing = 0;
		};
/* End PBXFrameworksBuildPhase section */

/* Begin PBXGroup section */
		C618358027A1CE2B00D3D98C = {
			isa = PBXGroup;
			children = (
				C618358B27A1CE2B00D3D98C /* ReflectiveCard */,
				C61835A227A1CE2D00D3D98C /* ReflectiveCardTests */,
				C61835AC27A1CE2D00D3D98C /* ReflectiveCardUITests */,
				C618358A27A1CE2B00D3D98C /* Products */,
			);
			sourceTree = "<group>";
		};
		C618358A27A1CE2B00D3D98C /* Products */ = {
			isa = PBXGroup;
			children = (
				C618358927A1CE2B00D3D98C /* ReflectiveCard.app */,
				C618359F27A1CE2D00D3D98C /* ReflectiveCardTests.xctest */,
				C61835A927A1CE2D00D3D98C /* ReflectiveCardUITests.xctest */,
			);
			name = Products;
			sourceTree = "<group>";
		};
		C618358B27A1CE2B00D3D98C /* ReflectiveCard */ = {
			isa = PBXGroup;
			children = (
				C618358C27A1CE2B00D3D98C /* AppDelegate.swift */,
				C618358E27A1CE2B00D3D98C /* SceneDelegate.swift */,
				C618359027A1CE2B00D3D98C /* ViewController.swift */,
				C618359227A1CE2B00D3D98C /* Main.storyboard */,
				C618359527A1CE2C00D3D98C /* Assets.xcassets */,
				C618359727A1CE2C00D3D98C /* LaunchScreen.storyboard */,
				C618359A27A1CE2C00D3D98C /* Info.plist */,
			);
			path = ReflectiveCard;
			sourceTree = "<group>";
		};
		C61835A227A1CE2D00D3D98C /* ReflectiveCardTests */ = {
			isa = PBXGroup;
			children = (
				C61835A327A1CE2D00D3D98C /* ReflectiveCardTests.swift */,
			);
			path = ReflectiveCardTests;
			sourceTree = "<group>";
		};
		C61835AC27A1CE2D00D3D98C /* ReflectiveCardUITests */ = {
			isa = PBXGroup;
			children = (
				C61835AD27A1CE2D00D3D98C /* ReflectiveCardUITests.swift */,
				C61835AF27A1CE2D00D3D98C /* ReflectiveCardUITestsLaunchTests.swift */,
			);
			path = ReflectiveCardUITests;
			sourceTree = "<group>";
		};
/* End PBXGroup section */

/* Begin PBXNativeTarget section */
		C618358827A1CE2B00D3D98C /* ReflectiveCard */ = {
			isa = PBXNativeTarget;
			buildConfigurationList = C61835B327A1CE2D00D3D98C /* Build configuration list for PBXNativeTarget "ReflectiveCard" */;
			buildPhases = (
				C618358527A1CE2B00D3D98C /* Sources */,
				C618358627A1CE2B00D3D98C /* Frameworks */,
				C618358727A1CE2B00D3D98C /* Resources */,
			);
			buildRules = (
			);
			dependencies = (
			);
			name = ReflectiveCard;
			productName = ReflectiveCard;
			productReference = C618358927A1CE2B00D3D98C /* ReflectiveCard.app */;
			productType = "com.apple.product-type.application";
		};
		C618359E27A1CE2D00D3D98C /* ReflectiveCardTests */ = {
			isa = PBXNativeTarget;
			buildConfigurationList = C61835B627A1CE2D00D3D98C /* Build configuration list for PBXNativeTarget "ReflectiveCardTests" */;
			buildPhases = (
				C618359B27A1CE2D00D3D98C /* Sources */,
				C618359C27A1CE2D00D3D98C /* Frameworks */,
				C618359D27A1CE2D00D3D98C /* Resources */,
			);
			buildRules = (
			);
			dependencies = (
				C61835A127A1CE2D00D3D98C /* PBXTargetDependency */,
			);
			name = ReflectiveCardTests;
			productName = ReflectiveCardTests;
			productReference = C618359F27A1CE2D00D3D98C /* ReflectiveCardTests.xctest */;
			productType = "com.apple.product-type.bundle.unit-test";
		};
		C61835A827A1CE2D00D3D98C /* ReflectiveCardUITests */ = {
			isa = PBXNativeTarget;
			buildConfigurationList = C61835B927A1CE2D00D3D98C /* Build configuration list for PBXNativeTarget "ReflectiveCardUITests" */;
			buildPhases = (
				C61835A527A1CE2D00D3D98C /* Sources */,
				C61835A627A1CE2D00D3D98C /* Frameworks */,
				C61835A727A1CE2D00D3D98C /* Resources */,
			);
			buildRules = (
			);
			dependencies = (
				C61835AB27A1CE2D00D3D98C /* PBXTargetDependency */,
			);
			name = ReflectiveCardUITests;
			productName = ReflectiveCardUITests;
			productReference = C61835A927A1CE2D00D3D98C /* ReflectiveCardUITests.xctest */;
			productType = "com.apple.product-type.bundle.ui-testing";
		};
/* End PBXNativeTarget section */

/* Begin PBXProject section */
		C618358127A1CE2B00D3D98C /* Project object */ = {
			isa = PBXProject;
			attributes = {
				BuildIndependentTargetsInParallel = 1;
				LastSwiftUpdateCheck = 1320;
				LastUpgradeCheck = 1320;
				TargetAttributes = {
					C618358827A1CE2B00D3D98C = {
						CreatedOnToolsVersion = 13.2.1;
					};
					C618359E27A1CE2D00D3D98C = {
						CreatedOnToolsVersion = 13.2.1;
						TestTargetID = C618358827A1CE2B00D3D98C;
					};
					C61835A827A1CE2D00D3D98C = {
						CreatedOnToolsVersion = 13.2.1;
						TestTargetID = C618358827A1CE2B00D3D98C;
					};
				};
			};
			buildConfigurationList = C618358427A1CE2B00D3D98C /* Build configuration list for PBXProject "ReflectiveCard" */;
			compatibilityVersion = "Xcode 13.0";
			developmentRegion = en;
			hasScannedForEncodings = 0;
			knownRegions = (
				en,
				Base,
			);
			mainGroup = C618358027A1CE2B00D3D98C;
			productRefGroup = C618358A27A1CE2B00D3D98C /* Products */;
			projectDirPath = "";
			projectRoot = "";
			targets = (
				C618358827A1CE2B00D3D98C /* ReflectiveCard */,
				C618359E27A1CE2D00D3D98C /* ReflectiveCardTests */,
				C61835A827A1CE2D00D3D98C /* ReflectiveCardUITests */,
			);
		};
/* End PBXProject section */

/* Begin PBXResourcesBuildPhase section */
		C618358727A1CE2B00D3D98C /* Resources */ = {
			isa = PBXResourcesBuildPhase;
			buildActionMask = 2147483647;
			files = (
				C618359927A1CE2C00D3D98C /* LaunchScreen.storyboard in Resources */,
				C618359627A1CE2C00D3D98C /* Assets.xcassets in Resources */,
				C618359427A1CE2B00D3D98C /* Main.storyboard in Resources */,
			);
			runOnlyForDeploymentPostprocessing = 0;
		};
		C618359D27A1CE2D00D3D98C /* Resources */ = {
			isa = PBXResourcesBuildPhase;
			buildActionMask = 2147483647;
			files = (
			);
			runOnlyForDeploymentPostprocessing = 0;
		};
		C61835A727A1CE2D00D3D98C /* Resources */ = {
			isa = PBXResourcesBuildPhase;
			buildActionMask = 2147483647;
			files = (
			);
			runOnlyForDeploymentPostprocessing = 0;
		};
/* End PBXResourcesBuildPhase section */

/* Begin PBXSourcesBuildPhase section */
		C618358527A1CE2B00D3D98C /* Sources */ = {
			isa = PBXSourcesBuildPhase;
			buildActionMask = 2147483647;
			files = (
				C618359127A1CE2B00D3D98C /* ViewController.swift in Sources */,
				C618358D27A1CE2B00D3D98C /* AppDelegate.swift in Sources */,
				C618358F27A1CE2B00D3D98C /* SceneDelegate.swift in Sources */,
			);
			runOnlyForDeploymentPostprocessing = 0;
		};
		C618359B27A1CE2D00D3D98C /* Sources */ = {
			isa = PBXSourcesBuildPhase;
			buildActionMask = 2147483647;
			files = (
				C61835A427A1CE2D00D3D98C /* ReflectiveCardTests.swift in Sources */,
			);
			runOnlyForDeploymentPostprocessing = 0;
		};
		C61835A527A1CE2D00D3D98C /* Sources */ = {
			isa = PBXSourcesBuildPhase;
			buildActionMask = 2147483647;
			files = (
				C61835AE27A1CE2D00D3D98C /* ReflectiveCardUITests.swift in Sources */,
				C61835B027A1CE2D00D3D98C /* ReflectiveCardUITestsLaunchTests.swift in Sources */,
			);
			runOnlyForDeploymentPostprocessing = 0;
		};
/* End PBXSourcesBuildPhase section */

/* Begin PBXTargetDependency section */
		C61835A127A1CE2D00D3D98C /* PBXTargetDependency */ = {
			isa = PBXTargetDependency;
			target = C618358827A1CE2B00D3D98C /* ReflectiveCard */;
			targetProxy = C61835A027A1CE2D00D3D98C /* PBXContainerItemProxy */;
		};
		C61835AB27A1CE2D00D3D98C /* PBXTargetDependency */ = {
			isa = PBXTargetDependency;
			target = C618358827A1CE2B00D3D98C /* ReflectiveCard */;
			targetProxy = C61835AA27A1CE2D00D3D98C /* PBXContainerItemProxy */;
		};
/* End PBXTargetDependency section */

/* Begin PBXVariantGroup section */
		C618359227A1CE2B00D3D98C /* Main.storyboard */ = {
			isa = PBXVariantGroup;
			children = (
				C618359327A1CE2B00D3D98C /* Base */,
			);
			name = Main.storyboard;
			sourceTree = "<group>";
		};
		C618359727A1CE2C00D3D98C /* LaunchScreen.storyboard */ = {
			isa = PBXVariantGroup;
			children = (
				C618359827A1CE2C00D3D98C /* Base */,
			);
			name = LaunchScreen.storyboard;
			sourceTree = "<group>";
		};
/* End PBXVariantGroup section */

/* Begin XCBuildConfiguration section */
		C61835B127A1CE2D00D3D98C /* Debug */ = {
			isa = XCBuildConfiguration;
			buildSettings = {
				ALWAYS_SEARCH_USER_PATHS = NO;
				CLANG_ANALYZER_NONNULL = YES;
				CLANG_ANALYZER_NUMBER_OBJECT_CONVERSION = YES_AGGRESSIVE;
				CLANG_CXX_LANGUAGE_STANDARD = "gnu++17";
				CLANG_CXX_LIBRARY = "libc++";
				CLANG_ENABLE_MODULES = YES;
				CLANG_ENABLE_OBJC_ARC = YES;
				CLANG_ENABLE_OBJC_WEAK = YES;
				CLANG_WARN_BLOCK_CAPTURE_AUTORELEASING = YES;
				CLANG_WARN_BOOL_CONVERSION = YES;
				CLANG_WARN_COMMA = YES;
				CLANG_WARN_CONSTANT_CONVERSION = YES;
				CLANG_WARN_DEPRECATED_OBJC_IMPLEMENTATIONS = YES;
				CLANG_WARN_DIRECT_OBJC_ISA_USAGE = YES_ERROR;
				CLANG_WARN_DOCUMENTATION_COMMENTS = YES;
				CLANG_WARN_EMPTY_BODY = YES;
				CLANG_WARN_ENUM_CONVERSION = YES;
				CLANG_WARN_INFINITE_RECURSION = YES;
				CLANG_WARN_INT_CONVERSION = YES;
				CLANG_WARN_NON_LITERAL_NULL_CONVERSION = YES;
				CLANG_WARN_OBJC_IMPLICIT_RETAIN_SELF = YES;
				CLANG_WARN_OBJC_LITERAL_CONVERSION = YES;
				CLANG_WARN_OBJC_ROOT_CLASS = YES_ERROR;
				CLANG_WARN_QUOTED_INCLUDE_IN_FRAMEWORK_HEADER = YES;
				CLANG_WARN_RANGE_LOOP_ANALYSIS = YES;
				CLANG_WARN_STRICT_PROTOTYPES = YES;
				CLANG_WARN_SUSPICIOUS_MOVE = YES;
				CLANG_WARN_UNGUARDED_AVAILABILITY = YES_AGGRESSIVE;
				CLANG_WARN_UNREACHABLE_CODE = YES;
				CLANG_WARN__DUPLICATE_METHOD_MATCH = YES;
				COPY_PHASE_STRIP = NO;
				DEBUG_INFORMATION_FORMAT = dwarf;
				ENABLE_STRICT_OBJC_MSGSEND = YES;
				ENABLE_TESTABILITY = YES;
				GCC_C_LANGUAGE_STANDARD = gnu11;
				GCC_DYNAMIC_NO_PIC = NO;
				GCC_NO_COMMON_BLOCKS = YES;
				GCC_OPTIMIZATION_LEVEL = 0;
				GCC_PREPROCESSOR_DEFINITIONS = (
					"DEBUG=1",
					"$(inherited)",
				);
				GCC_WARN_64_TO_32_BIT_CONVERSION = YES;
				GCC_WARN_ABOUT_RETURN_TYPE = YES_ERROR;
				GCC_WARN_UNDECLARED_SELECTOR = YES;
				GCC_WARN_UNINITIALIZED_AUTOS = YES_AGGRESSIVE;
				GCC_WARN_UNUSED_FUNCTION = YES;
				GCC_WARN_UNUSED_VARIABLE = YES;
				IPHONEOS_DEPLOYMENT_TARGET = 15.2;
				MTL_ENABLE_DEBUG_INFO = INCLUDE_SOURCE;
				MTL_FAST_MATH = YES;
				ONLY_ACTIVE_ARCH = YES;
				SDKROOT = iphoneos;
				SWIFT_ACTIVE_COMPILATION_CONDITIONS = DEBUG;
				SWIFT_OPTIMIZATION_LEVEL = "-Onone";
			};
			name = Debug;
		};
		C61835B227A1CE2D00D3D98C /* Release */ = {
			isa = XCBuildConfiguration;
			buildSettings = {
				ALWAYS_SEARCH_USER_PATHS = NO;
				CLANG_ANALYZER_NONNULL = YES;
				CLANG_ANALYZER_NUMBER_OBJECT_CONVERSION = YES_AGGRESSIVE;
				CLANG_CXX_LANGUAGE_STANDARD = "gnu++17";
				CLANG_CXX_LIBRARY = "libc++";
				CLANG_ENABLE_MODULES = YES;
				CLANG_ENABLE_OBJC_ARC = YES;
				CLANG_ENABLE_OBJC_WEAK = YES;
				CLANG_WARN_BLOCK_CAPTURE_AUTORELEASING = YES;
				CLANG_WARN_BOOL_CONVERSION = YES;
				CLANG_WARN_COMMA = YES;
				CLANG_WARN_CONSTANT_CONVERSION = YES;
				CLANG_WARN_DEPRECATED_OBJC_IMPLEMENTATIONS = YES;
				CLANG_WARN_DIRECT_OBJC_ISA_USAGE = YES_ERROR;
				CLANG_WARN_DOCUMENTATION_COMMENTS = YES;
				CLANG_WARN_EMPTY_BODY = YES;
				CLANG_WARN_ENUM_CONVERSION = YES;
				CLANG_WARN_INFINITE_RECURSION = YES;
				CLANG_WARN_INT_CONVERSION = YES;
				CLANG_WARN_NON_LITERAL_NULL_CONVERSION = YES;
				CLANG_WARN_OBJC_IMPLICIT_RETAIN_SELF = YES;
				CLANG_WARN_OBJC_LITERAL_CONVERSION = YES;
				CLANG_WARN_OBJC_ROOT_CLASS = YES_ERROR;
				CLANG_WARN_QUOTED_INCLUDE_IN_FRAMEWORK_HEADER = YES;
				CLANG_WARN_RANGE_LOOP_ANALYSIS = YES;
				CLANG_WARN_STRICT_PROTOTYPES = YES;
				CLANG_WARN_SUSPICIOUS_MOVE = YES;
				CLANG_WARN_UNGUARDED_AVAILABILITY = YES_AGGRESSIVE;
				CLANG_WARN_UNREACHABLE_CODE = YES;
				CLANG_WARN__DUPLICATE_METHOD_MATCH = YES;
				COPY_PHASE_STRIP = NO;
				DEBUG_INFORMATION_FORMAT = "dwarf-with-dsym";
				ENABLE_NS_ASSERTIONS = NO;
				ENABLE_STRICT_OBJC_MSGSEND = YES;
				GCC_C_LANGUAGE_STANDARD = gnu11;
				GCC_NO_COMMON_BLOCKS = YES;
				GCC_WARN_64_TO_32_BIT_CONVERSION = YES;
				GCC_WARN_ABOUT_RETURN_TYPE = YES_ERROR;
				GCC_WARN_UNDECLARED_SELECTOR = YES;
				GCC_WARN_UNINITIALIZED_AUTOS = YES_AGGRESSIVE;
				GCC_WARN_UNUSED_FUNCTION = YES;
				GCC_WARN_UNUSED_VARIABLE = YES;
				IPHONEOS_DEPLOYMENT_TARGET = 15.2;
				MTL_ENABLE_DEBUG_INFO = NO;
				MTL_FAST_MATH = YES;
				SDKROOT = iphoneos;
				SWIFT_COMPILATION_MODE = wholemodule;
				SWIFT_OPTIMIZATION_LEVEL = "-O";
				VALIDATE_PRODUCT = YES;
			};
			name = Release;
		};
		C61835B427A1CE2D00D3D98C /* Debug */ = {
			isa = XCBuildConfiguration;
			buildSettings = {
				ASSETCATALOG_COMPILER_APPICON_NAME = AppIcon;
				ASSETCATALOG_COMPILER_GLOBAL_ACCENT_COLOR_NAME = AccentColor;
				CODE_SIGN_STYLE = Automatic;
				CURRENT_PROJECT_VERSION = 1;
				DEVELOPMENT_TEAM = RKZTN2J83Q;
				GENERATE_INFOPLIST_FILE = YES;
				INFOPLIST_FILE = ReflectiveCard/Info.plist;
				INFOPLIST_KEY_UIApplicationSupportsIndirectInputEvents = YES;
				INFOPLIST_KEY_UILaunchStoryboardName = LaunchScreen;
				INFOPLIST_KEY_UIMainStoryboardFile = Main;
				INFOPLIST_KEY_UISupportedInterfaceOrientations_iPad = "UIInterfaceOrientationPortrait UIInterfaceOrientationPortraitUpsideDown UIInterfaceOrientationLandscapeLeft UIInterfaceOrientationLandscapeRight";
				INFOPLIST_KEY_UISupportedInterfaceOrientations_iPhone = "UIInterfaceOrientationPortrait UIInterfaceOrientationLandscapeLeft UIInterfaceOrientationLandscapeRight";
				LD_RUNPATH_SEARCH_PATHS = (
					"$(inherited)",
					"@executable_path/Frameworks",
				);
				MARKETING_VERSION = 1.0;
				PRODUCT_BUNDLE_IDENTIFIER = com.carolineladouce.ReflectiveCard;
				PRODUCT_NAME = "$(TARGET_NAME)";
				SWIFT_EMIT_LOC_STRINGS = YES;
				SWIFT_VERSION = 5.0;
				TARGETED_DEVICE_FAMILY = "1,2";
			};
			name = Debug;
		};
		C61835B527A1CE2D00D3D98C /* Release */ = {
			isa = XCBuildConfiguration;
			buildSettings = {
				ASSETCATALOG_COMPILER_APPICON_NAME = AppIcon;
				ASSETCATALOG_COMPILER_GLOBAL_ACCENT_COLOR_NAME = AccentColor;
				CODE_SIGN_STYLE = Automatic;
				CURRENT_PROJECT_VERSION = 1;
				DEVELOPMENT_TEAM = RKZTN2J83Q;
				GENERATE_INFOPLIST_FILE = YES;
				INFOPLIST_FILE = ReflectiveCard/Info.plist;
				INFOPLIST_KEY_UIApplicationSupportsIndirectInputEvents = YES;
				INFOPLIST_KEY_UILaunchStoryboardName = LaunchScreen;
				INFOPLIST_KEY_UIMainStoryboardFile = Main;
				INFOPLIST_KEY_UISupportedInterfaceOrientations_iPad = "UIInterfaceOrientationPortrait UIInterfaceOrientationPortraitUpsideDown UIInterfaceOrientationLandscapeLeft UIInterfaceOrientationLandscapeRight";
				INFOPLIST_KEY_UISupportedInterfaceOrientations_iPhone = "UIInterfaceOrientationPortrait UIInterfaceOrientationLandscapeLeft UIInterfaceOrientationLandscapeRight";
				LD_RUNPATH_SEARCH_PATHS = (
					"$(inherited)",
					"@executable_path/Frameworks",
				);
				MARKETING_VERSION = 1.0;
				PRODUCT_BUNDLE_IDENTIFIER = com.carolineladouce.ReflectiveCard;
				PRODUCT_NAME = "$(TARGET_NAME)";
				SWIFT_EMIT_LOC_STRINGS = YES;
				SWIFT_VERSION = 5.0;
				TARGETED_DEVICE_FAMILY = "1,2";
			};
			name = Release;
		};
		C61835B727A1CE2D00D3D98C /* Debug */ = {
			isa = XCBuildConfiguration;
			buildSettings = {
				ALWAYS_EMBED_SWIFT_STANDARD_LIBRARIES = YES;
				BUNDLE_LOADER = "$(TEST_HOST)";
				CODE_SIGN_STYLE = Automatic;
				CURRENT_PROJECT_VERSION = 1;
				DEVELOPMENT_TEAM = RKZTN2J83Q;
				GENERATE_INFOPLIST_FILE = YES;
				IPHONEOS_DEPLOYMENT_TARGET = 15.2;
				MARKETING_VERSION = 1.0;
				PRODUCT_BUNDLE_IDENTIFIER = com.carolineladouce.ReflectiveCardTests;
				PRODUCT_NAME = "$(TARGET_NAME)";
				SWIFT_EMIT_LOC_STRINGS = NO;
				SWIFT_VERSION = 5.0;
				TARGETED_DEVICE_FAMILY = "1,2";
				TEST_HOST = "$(BUILT_PRODUCTS_DIR)/ReflectiveCard.app/ReflectiveCard";
			};
			name = Debug;
		};
		C61835B827A1CE2D00D3D98C /* Release */ = {
			isa = XCBuildConfiguration;
			buildSettings = {
				ALWAYS_EMBED_SWIFT_STANDARD_LIBRARIES = YES;
				BUNDLE_LOADER = "$(TEST_HOST)";
				CODE_SIGN_STYLE = Automatic;
				CURRENT_PROJECT_VERSION = 1;
				DEVELOPMENT_TEAM = RKZTN2J83Q;
				GENERATE_INFOPLIST_FILE = YES;
				IPHONEOS_DEPLOYMENT_TARGET = 15.2;
				MARKETING_VERSION = 1.0;
				PRODUCT_BUNDLE_IDENTIFIER = com.carolineladouce.ReflectiveCardTests;
				PRODUCT_NAME = "$(TARGET_NAME)";
				SWIFT_EMIT_LOC_STRINGS = NO;
				SWIFT_VERSION = 5.0;
				TARGETED_DEVICE_FAMILY = "1,2";
				TEST_HOST = "$(BUILT_PRODUCTS_DIR)/ReflectiveCard.app/ReflectiveCard";
			};
			name = Release;
		};
		C61835BA27A1CE2D00D3D98C /* Debug */ = {
			isa = XCBuildConfiguration;
			buildSettings = {
				ALWAYS_EMBED_SWIFT_STANDARD_LIBRARIES = YES;
				CODE_SIGN_STYLE = Automatic;
				CURRENT_PROJECT_VERSION = 1;
				DEVELOPMENT_TEAM = RKZTN2J83Q;
				GENERATE_INFOPLIST_FILE = YES;
				MARKETING_VERSION = 1.0;
				PRODUCT_BUNDLE_IDENTIFIER = com.carolineladouce.ReflectiveCardUITests;
				PRODUCT_NAME = "$(TARGET_NAME)";
				SWIFT_EMIT_LOC_STRINGS = NO;
				SWIFT_VERSION = 5.0;
				TARGETED_DEVICE_FAMILY = "1,2";
				TEST_TARGET_NAME = ReflectiveCard;
			};
			name = Debug;
		};
		C61835BB27A1CE2D00D3D98C /* Release */ = {
			isa = XCBuildConfiguration;
			buildSettings = {
				ALWAYS_EMBED_SWIFT_STANDARD_LIBRARIES = YES;
				CODE_SIGN_STYLE = Automatic;
				CURRENT_PROJECT_VERSION = 1;
				DEVELOPMENT_TEAM = RKZTN2J83Q;
				GENERATE_INFOPLIST_FILE = YES;
				MARKETING_VERSION = 1.0;
				PRODUCT_BUNDLE_IDENTIFIER = com.carolineladouce.ReflectiveCardUITests;
				PRODUCT_NAME = "$(TARGET_NAME)";
				SWIFT_EMIT_LOC_STRINGS = NO;
				SWIFT_VERSION = 5.0;
				TARGETED_DEVICE_FAMILY = "1,2";
				TEST_TARGET_NAME = ReflectiveCard;
			};
			name = Release;
		};
/* End XCBuildConfiguration section */

/* Begin XCConfigurationList section */
		C618358427A1CE2B00D3D98C /* Build configuration list for PBXProject "ReflectiveCard" */ = {
			isa = XCConfigurationList;
			buildConfigurations = (
				C61835B127A1CE2D00D3D98C /* Debug */,
				C61835B227A1CE2D00D3D98C /* Release */,
			);
			defaultConfigurationIsVisible = 0;
			defaultConfigurationName = Release;
		};
		C61835B327A1CE2D00D3D98C /* Build configuration list for PBXNativeTarget "ReflectiveCard" */ = {
			isa = XCConfigurationList;
			buildConfigurations = (
				C61835B427A1CE2D00D3D98C /* Debug */,
				C61835B527A1CE2D00D3D98C /* Release */,
			);
			defaultConfigurationIsVisible = 0;
			defaultConfigurationName = Release;
		};
		C61835B627A1CE2D00D3D98C /* Build configuration list for PBXNativeTarget "ReflectiveCardTests" */ = {
			isa = XCConfigurationList;
			buildConfigurations = (
				C61835B727A1CE2D00D3D98C /* Debug */,
				C61835B827A1CE2D00D3D98C /* Release */,
			);
			defaultConfigurationIsVisible = 0;
			defaultConfigurationName = Release;
		};
		C61835B927A1CE2D00D3D98C /* Build configuration list for PBXNativeTarget "ReflectiveCardUITests" */ = {
			isa = XCConfigurationList;
			buildConfigurations = (
				C61835BA27A1CE2D00D3D98C /* Debug */,
				C61835BB27A1CE2D00D3D98C /* Release */,
			);
			defaultConfigurationIsVisible = 0;
			defaultConfigurationName = Release;
		};
/* End XCConfigurationList section */
	};
	rootObject = C618358127A1CE2B00D3D98C /* Project object */;
}
